// !$*UTF8*$!
{
	archiveVersion = 1;
	classes = {
	};
	objectVersion = 50;
	objects = {

/* Begin PBXBuildFile section */
		735EC2107A985E095F1D7E7D /* Pods_PeetzTests.framework in Frameworks */ = {isa = PBXBuildFile; fileRef = C0F93FD290BAC377CF020012 /* Pods_PeetzTests.framework */; };
		7D0A2FF1220A0D3500EF7389 /* AppDelegate.swift in Sources */ = {isa = PBXBuildFile; fileRef = 7D0A2FF0220A0D3500EF7389 /* AppDelegate.swift */; };
		7D0A2FF6220A0D3500EF7389 /* Main.storyboard in Resources */ = {isa = PBXBuildFile; fileRef = 7D0A2FF4220A0D3500EF7389 /* Main.storyboard */; };
		7D0A2FF8220A0D3600EF7389 /* Assets.xcassets in Resources */ = {isa = PBXBuildFile; fileRef = 7D0A2FF7220A0D3600EF7389 /* Assets.xcassets */; };
		7D0A2FFB220A0D3600EF7389 /* LaunchScreen.storyboard in Resources */ = {isa = PBXBuildFile; fileRef = 7D0A2FF9220A0D3600EF7389 /* LaunchScreen.storyboard */; };
		7D0A3006220A0D3600EF7389 /* PeetzTests.swift in Sources */ = {isa = PBXBuildFile; fileRef = 7D0A3005220A0D3600EF7389 /* PeetzTests.swift */; };
		7D0A3011220A0FA800EF7389 /* HomeViewController.swift in Sources */ = {isa = PBXBuildFile; fileRef = 7D0A3010220A0FA800EF7389 /* HomeViewController.swift */; };
		7D0A3015220A14E100EF7389 /* ToppingsListViewController.swift in Sources */ = {isa = PBXBuildFile; fileRef = 7D0A3014220A14E100EF7389 /* ToppingsListViewController.swift */; };
		7DC2E8FA221B0E43002457AA /* LocationViewController.swift in Sources */ = {isa = PBXBuildFile; fileRef = 7DC2E8F9221B0E43002457AA /* LocationViewController.swift */; };
		7DC7351A220A1D2E0042EB93 /* ToppingCategory.swift in Sources */ = {isa = PBXBuildFile; fileRef = 7DC73519220A1D2E0042EB93 /* ToppingCategory.swift */; };
		EB7E5CB0E785CE29ACA9EFB6 /* Pods_Peetz.framework in Frameworks */ = {isa = PBXBuildFile; fileRef = D235517292E9E532200C00C2 /* Pods_Peetz.framework */; };
/* End PBXBuildFile section */

/* Begin PBXContainerItemProxy section */
		7D0A3002220A0D3600EF7389 /* PBXContainerItemProxy */ = {
			isa = PBXContainerItemProxy;
			containerPortal = 7D0A2FE5220A0D3500EF7389 /* Project object */;
			proxyType = 1;
			remoteGlobalIDString = 7D0A2FEC220A0D3500EF7389;
			remoteInfo = Peetz;
		};
/* End PBXContainerItemProxy section */

/* Begin PBXFileReference section */
		04EF3949E3ED2D196222BDA2 /* Pods-Peetz.debug.xcconfig */ = {isa = PBXFileReference; includeInIndex = 1; lastKnownFileType = text.xcconfig; name = "Pods-Peetz.debug.xcconfig"; path = "Target Support Files/Pods-Peetz/Pods-Peetz.debug.xcconfig"; sourceTree = "<group>"; };
		08FAE442FB2E77596688DEA0 /* Pods-PeetzTests.release.xcconfig */ = {isa = PBXFileReference; includeInIndex = 1; lastKnownFileType = text.xcconfig; name = "Pods-PeetzTests.release.xcconfig"; path = "Target Support Files/Pods-PeetzTests/Pods-PeetzTests.release.xcconfig"; sourceTree = "<group>"; };
		3E8692B888C7712F35CF5DDC /* Pods-PeetzTests.debug.xcconfig */ = {isa = PBXFileReference; includeInIndex = 1; lastKnownFileType = text.xcconfig; name = "Pods-PeetzTests.debug.xcconfig"; path = "Target Support Files/Pods-PeetzTests/Pods-PeetzTests.debug.xcconfig"; sourceTree = "<group>"; };
		7D0A2FED220A0D3500EF7389 /* Peetz.app */ = {isa = PBXFileReference; explicitFileType = wrapper.application; includeInIndex = 0; path = Peetz.app; sourceTree = BUILT_PRODUCTS_DIR; };
		7D0A2FF0220A0D3500EF7389 /* AppDelegate.swift */ = {isa = PBXFileReference; lastKnownFileType = sourcecode.swift; path = AppDelegate.swift; sourceTree = "<group>"; };
		7D0A2FF5220A0D3500EF7389 /* Base */ = {isa = PBXFileReference; lastKnownFileType = file.storyboard; name = Base; path = Base.lproj/Main.storyboard; sourceTree = "<group>"; };
		7D0A2FF7220A0D3600EF7389 /* Assets.xcassets */ = {isa = PBXFileReference; lastKnownFileType = folder.assetcatalog; path = Assets.xcassets; sourceTree = "<group>"; };
		7D0A2FFA220A0D3600EF7389 /* Base */ = {isa = PBXFileReference; lastKnownFileType = file.storyboard; name = Base; path = Base.lproj/LaunchScreen.storyboard; sourceTree = "<group>"; };
		7D0A2FFC220A0D3600EF7389 /* Info.plist */ = {isa = PBXFileReference; lastKnownFileType = text.plist.xml; path = Info.plist; sourceTree = "<group>"; };
		7D0A3001220A0D3600EF7389 /* PeetzTests.xctest */ = {isa = PBXFileReference; explicitFileType = wrapper.cfbundle; includeInIndex = 0; path = PeetzTests.xctest; sourceTree = BUILT_PRODUCTS_DIR; };
		7D0A3005220A0D3600EF7389 /* PeetzTests.swift */ = {isa = PBXFileReference; lastKnownFileType = sourcecode.swift; path = PeetzTests.swift; sourceTree = "<group>"; };
		7D0A3007220A0D3600EF7389 /* Info.plist */ = {isa = PBXFileReference; lastKnownFileType = text.plist.xml; path = Info.plist; sourceTree = "<group>"; };
		7D0A3010220A0FA800EF7389 /* HomeViewController.swift */ = {isa = PBXFileReference; lastKnownFileType = sourcecode.swift; path = HomeViewController.swift; sourceTree = "<group>"; };
		7D0A3014220A14E100EF7389 /* ToppingsListViewController.swift */ = {isa = PBXFileReference; lastKnownFileType = sourcecode.swift; path = ToppingsListViewController.swift; sourceTree = "<group>"; };
		7DC2E8F9221B0E43002457AA /* LocationViewController.swift */ = {isa = PBXFileReference; lastKnownFileType = sourcecode.swift; path = LocationViewController.swift; sourceTree = "<group>"; };
		7DC73519220A1D2E0042EB93 /* ToppingCategory.swift */ = {isa = PBXFileReference; lastKnownFileType = sourcecode.swift; path = ToppingCategory.swift; sourceTree = "<group>"; };
		C0F93FD290BAC377CF020012 /* Pods_PeetzTests.framework */ = {isa = PBXFileReference; explicitFileType = wrapper.framework; includeInIndex = 0; path = Pods_PeetzTests.framework; sourceTree = BUILT_PRODUCTS_DIR; };
		D235517292E9E532200C00C2 /* Pods_Peetz.framework */ = {isa = PBXFileReference; explicitFileType = wrapper.framework; includeInIndex = 0; path = Pods_Peetz.framework; sourceTree = BUILT_PRODUCTS_DIR; };
		FF04E66F5B748D5E5E50127E /* Pods-Peetz.release.xcconfig */ = {isa = PBXFileReference; includeInIndex = 1; lastKnownFileType = text.xcconfig; name = "Pods-Peetz.release.xcconfig"; path = "Target Support Files/Pods-Peetz/Pods-Peetz.release.xcconfig"; sourceTree = "<group>"; };
/* End PBXFileReference section */

/* Begin PBXFrameworksBuildPhase section */
		7D0A2FEA220A0D3500EF7389 /* Frameworks */ = {
			isa = PBXFrameworksBuildPhase;
			buildActionMask = 2147483647;
			files = (
				EB7E5CB0E785CE29ACA9EFB6 /* Pods_Peetz.framework in Frameworks */,
			);
			runOnlyForDeploymentPostprocessing = 0;
		};
		7D0A2FFE220A0D3600EF7389 /* Frameworks */ = {
			isa = PBXFrameworksBuildPhase;
			buildActionMask = 2147483647;
			files = (
				735EC2107A985E095F1D7E7D /* Pods_PeetzTests.framework in Frameworks */,
			);
			runOnlyForDeploymentPostprocessing = 0;
		};
/* End PBXFrameworksBuildPhase section */

/* Begin PBXGroup section */
		3E641E58362B9A5C5443B98F /* Frameworks */ = {
			isa = PBXGroup;
			children = (
				D235517292E9E532200C00C2 /* Pods_Peetz.framework */,
				C0F93FD290BAC377CF020012 /* Pods_PeetzTests.framework */,
			);
			name = Frameworks;
			sourceTree = "<group>";
		};
		7D0A2FE4220A0D3500EF7389 = {
			isa = PBXGroup;
			children = (
				7DC73518220A1D070042EB93 /* Models */,
				7D0A3016220A184300EF7389 /* Storyboard */,
				7D0A3013220A14C100EF7389 /* ViewControllers */,
				7D0A2FEF220A0D3500EF7389 /* Peetz */,
				7D0A3004220A0D3600EF7389 /* PeetzTests */,
				7D0A2FEE220A0D3500EF7389 /* Products */,
				8E2FFA8E315194B5CDA067AC /* Pods */,
				3E641E58362B9A5C5443B98F /* Frameworks */,
			);
			sourceTree = "<group>";
		};
		7D0A2FEE220A0D3500EF7389 /* Products */ = {
			isa = PBXGroup;
			children = (
				7D0A2FED220A0D3500EF7389 /* Peetz.app */,
				7D0A3001220A0D3600EF7389 /* PeetzTests.xctest */,
			);
			name = Products;
			sourceTree = "<group>";
		};
		7D0A2FEF220A0D3500EF7389 /* Peetz */ = {
			isa = PBXGroup;
			children = (
				7D0A2FF0220A0D3500EF7389 /* AppDelegate.swift */,
				7D0A2FF7220A0D3600EF7389 /* Assets.xcassets */,
				7D0A2FF9220A0D3600EF7389 /* LaunchScreen.storyboard */,
				7D0A2FFC220A0D3600EF7389 /* Info.plist */,
			);
			path = Peetz;
			sourceTree = "<group>";
		};
		7D0A3004220A0D3600EF7389 /* PeetzTests */ = {
			isa = PBXGroup;
			children = (
				7D0A3005220A0D3600EF7389 /* PeetzTests.swift */,
				7D0A3007220A0D3600EF7389 /* Info.plist */,
			);
			path = PeetzTests;
			sourceTree = "<group>";
		};
		7D0A3013220A14C100EF7389 /* ViewControllers */ = {
			isa = PBXGroup;
			children = (
				7D0A3010220A0FA800EF7389 /* HomeViewController.swift */,
				7D0A3014220A14E100EF7389 /* ToppingsListViewController.swift */,
				7DC2E8F9221B0E43002457AA /* LocationViewController.swift */,
			);
			path = ViewControllers;
			sourceTree = "<group>";
		};
		7D0A3016220A184300EF7389 /* Storyboard */ = {
			isa = PBXGroup;
			children = (
				7D0A2FF4220A0D3500EF7389 /* Main.storyboard */,
			);
			path = Storyboard;
			sourceTree = "<group>";
		};
		7DC73518220A1D070042EB93 /* Models */ = {
			isa = PBXGroup;
			children = (
				7DC73519220A1D2E0042EB93 /* ToppingCategory.swift */,
			);
			path = Models;
			sourceTree = "<group>";
		};
		8E2FFA8E315194B5CDA067AC /* Pods */ = {
			isa = PBXGroup;
			children = (
				04EF3949E3ED2D196222BDA2 /* Pods-Peetz.debug.xcconfig */,
				FF04E66F5B748D5E5E50127E /* Pods-Peetz.release.xcconfig */,
				3E8692B888C7712F35CF5DDC /* Pods-PeetzTests.debug.xcconfig */,
				08FAE442FB2E77596688DEA0 /* Pods-PeetzTests.release.xcconfig */,
			);
			name = Pods;
			path = Pods;
			sourceTree = "<group>";
		};
/* End PBXGroup section */

/* Begin PBXNativeTarget section */
		7D0A2FEC220A0D3500EF7389 /* Peetz */ = {
			isa = PBXNativeTarget;
			buildConfigurationList = 7D0A300A220A0D3600EF7389 /* Build configuration list for PBXNativeTarget "Peetz" */;
			buildPhases = (
				0CB9BF633E71767417825219 /* [CP] Check Pods Manifest.lock */,
				7D0A2FE9220A0D3500EF7389 /* Sources */,
				7D0A2FEA220A0D3500EF7389 /* Frameworks */,
				7D0A2FEB220A0D3500EF7389 /* Resources */,
				40B520F56DC71AB3BFFEAFE8 /* [CP] Embed Pods Frameworks */,
				BA440E5A61D5E1CB404F4E0D /* [CP] Copy Pods Resources */,
			);
			buildRules = (
			);
			dependencies = (
			);
			name = Peetz;
			productName = Peetz;
			productReference = 7D0A2FED220A0D3500EF7389 /* Peetz.app */;
			productType = "com.apple.product-type.application";
		};
		7D0A3000220A0D3600EF7389 /* PeetzTests */ = {
			isa = PBXNativeTarget;
			buildConfigurationList = 7D0A300D220A0D3600EF7389 /* Build configuration list for PBXNativeTarget "PeetzTests" */;
			buildPhases = (
				CABE4168CEB75DA6461A5E9B /* [CP] Check Pods Manifest.lock */,
				7D0A2FFD220A0D3600EF7389 /* Sources */,
				7D0A2FFE220A0D3600EF7389 /* Frameworks */,
				7D0A2FFF220A0D3600EF7389 /* Resources */,
			);
			buildRules = (
			);
			dependencies = (
				7D0A3003220A0D3600EF7389 /* PBXTargetDependency */,
			);
			name = PeetzTests;
			productName = PeetzTests;
			productReference = 7D0A3001220A0D3600EF7389 /* PeetzTests.xctest */;
			productType = "com.apple.product-type.bundle.unit-test";
		};
/* End PBXNativeTarget section */

/* Begin PBXProject section */
		7D0A2FE5220A0D3500EF7389 /* Project object */ = {
			isa = PBXProject;
			attributes = {
				LastSwiftUpdateCheck = 1010;
				LastUpgradeCheck = 1010;
				ORGANIZATIONNAME = "Mitchell Socia";
				TargetAttributes = {
					7D0A2FEC220A0D3500EF7389 = {
						CreatedOnToolsVersion = 10.1;
					};
					7D0A3000220A0D3600EF7389 = {
						CreatedOnToolsVersion = 10.1;
						TestTargetID = 7D0A2FEC220A0D3500EF7389;
					};
				};
			};
			buildConfigurationList = 7D0A2FE8220A0D3500EF7389 /* Build configuration list for PBXProject "Peetz" */;
			compatibilityVersion = "Xcode 9.3";
			developmentRegion = en;
			hasScannedForEncodings = 0;
			knownRegions = (
				en,
				Base,
			);
			mainGroup = 7D0A2FE4220A0D3500EF7389;
			productRefGroup = 7D0A2FEE220A0D3500EF7389 /* Products */;
			projectDirPath = "";
			projectRoot = "";
			targets = (
				7D0A2FEC220A0D3500EF7389 /* Peetz */,
				7D0A3000220A0D3600EF7389 /* PeetzTests */,
			);
		};
/* End PBXProject section */

/* Begin PBXResourcesBuildPhase section */
		7D0A2FEB220A0D3500EF7389 /* Resources */ = {
			isa = PBXResourcesBuildPhase;
			buildActionMask = 2147483647;
			files = (
				7D0A2FFB220A0D3600EF7389 /* LaunchScreen.storyboard in Resources */,
				7D0A2FF8220A0D3600EF7389 /* Assets.xcassets in Resources */,
				7D0A2FF6220A0D3500EF7389 /* Main.storyboard in Resources */,
			);
			runOnlyForDeploymentPostprocessing = 0;
		};
		7D0A2FFF220A0D3600EF7389 /* Resources */ = {
			isa = PBXResourcesBuildPhase;
			buildActionMask = 2147483647;
			files = (
			);
			runOnlyForDeploymentPostprocessing = 0;
		};
/* End PBXResourcesBuildPhase section */

/* Begin PBXShellScriptBuildPhase section */
		0CB9BF633E71767417825219 /* [CP] Check Pods Manifest.lock */ = {
			isa = PBXShellScriptBuildPhase;
			buildActionMask = 2147483647;
			files = (
			);
			inputFileListPaths = (
			);
			inputPaths = (
				"${PODS_PODFILE_DIR_PATH}/Podfile.lock",
				"${PODS_ROOT}/Manifest.lock",
			);
			name = "[CP] Check Pods Manifest.lock";
			outputFileListPaths = (
			);
			outputPaths = (
				"$(DERIVED_FILE_DIR)/Pods-Peetz-checkManifestLockResult.txt",
			);
			runOnlyForDeploymentPostprocessing = 0;
			shellPath = /bin/sh;
			shellScript = "diff \"${PODS_PODFILE_DIR_PATH}/Podfile.lock\" \"${PODS_ROOT}/Manifest.lock\" > /dev/null\nif [ $? != 0 ] ; then\n    # print error to STDERR\n    echo \"error: The sandbox is not in sync with the Podfile.lock. Run 'pod install' or update your CocoaPods installation.\" >&2\n    exit 1\nfi\n# This output is used by Xcode 'outputs' to avoid re-running this script phase.\necho \"SUCCESS\" > \"${SCRIPT_OUTPUT_FILE_0}\"\n";
			showEnvVarsInLog = 0;
		};
		40B520F56DC71AB3BFFEAFE8 /* [CP] Embed Pods Frameworks */ = {
			isa = PBXShellScriptBuildPhase;
			buildActionMask = 2147483647;
			files = (
			);
			inputFileListPaths = (
			);
			inputPaths = (
				"${PODS_ROOT}/Target Support Files/Pods-Peetz/Pods-Peetz-frameworks.sh",
				"${BUILT_PRODUCTS_DIR}/Alamofire/Alamofire.framework",
			);
			name = "[CP] Embed Pods Frameworks";
			outputFileListPaths = (
			);
			outputPaths = (
				"${TARGET_BUILD_DIR}/${FRAMEWORKS_FOLDER_PATH}/Alamofire.framework",
			);
			runOnlyForDeploymentPostprocessing = 0;
			shellPath = /bin/sh;
			shellScript = "\"${PODS_ROOT}/Target Support Files/Pods-Peetz/Pods-Peetz-frameworks.sh\"\n";
			showEnvVarsInLog = 0;
		};
		BA440E5A61D5E1CB404F4E0D /* [CP] Copy Pods Resources */ = {
			isa = PBXShellScriptBuildPhase;
			buildActionMask = 2147483647;
			files = (
			);
			inputFileListPaths = (
			);
			inputPaths = (
				"${PODS_ROOT}/Target Support Files/Pods-Peetz/Pods-Peetz-resources.sh",
				"${PODS_ROOT}/GoogleMaps/Maps/Frameworks/GoogleMaps.framework/Resources/GoogleMaps.bundle",
				"${PODS_ROOT}/GooglePlacePicker/Frameworks/GooglePlacePicker.framework/Resources/GooglePlacePicker.bundle",
				"${PODS_ROOT}/GooglePlaces/Frameworks/GooglePlaces.framework/Resources/GooglePlaces.bundle",
			);
			name = "[CP] Copy Pods Resources";
			outputFileListPaths = (
			);
			outputPaths = (
				"${TARGET_BUILD_DIR}/${UNLOCALIZED_RESOURCES_FOLDER_PATH}/GoogleMaps.bundle",
				"${TARGET_BUILD_DIR}/${UNLOCALIZED_RESOURCES_FOLDER_PATH}/GooglePlacePicker.bundle",
				"${TARGET_BUILD_DIR}/${UNLOCALIZED_RESOURCES_FOLDER_PATH}/GooglePlaces.bundle",
			);
			runOnlyForDeploymentPostprocessing = 0;
			shellPath = /bin/sh;
			shellScript = "\"${PODS_ROOT}/Target Support Files/Pods-Peetz/Pods-Peetz-resources.sh\"\n";
			showEnvVarsInLog = 0;
		};
		CABE4168CEB75DA6461A5E9B /* [CP] Check Pods Manifest.lock */ = {
			isa = PBXShellScriptBuildPhase;
			buildActionMask = 2147483647;
			files = (
			);
			inputFileListPaths = (
			);
			inputPaths = (
				"${PODS_PODFILE_DIR_PATH}/Podfile.lock",
				"${PODS_ROOT}/Manifest.lock",
			);
			name = "[CP] Check Pods Manifest.lock";
			outputFileListPaths = (
			);
			outputPaths = (
				"$(DERIVED_FILE_DIR)/Pods-PeetzTests-checkManifestLockResult.txt",
			);
			runOnlyForDeploymentPostprocessing = 0;
			shellPath = /bin/sh;
			shellScript = "diff \"${PODS_PODFILE_DIR_PATH}/Podfile.lock\" \"${PODS_ROOT}/Manifest.lock\" > /dev/null\nif [ $? != 0 ] ; then\n    # print error to STDERR\n    echo \"error: The sandbox is not in sync with the Podfile.lock. Run 'pod install' or update your CocoaPods installation.\" >&2\n    exit 1\nfi\n# This output is used by Xcode 'outputs' to avoid re-running this script phase.\necho \"SUCCESS\" > \"${SCRIPT_OUTPUT_FILE_0}\"\n";
			showEnvVarsInLog = 0;
		};
/* End PBXShellScriptBuildPhase section */

/* Begin PBXSourcesBuildPhase section */
		7D0A2FE9220A0D3500EF7389 /* Sources */ = {
			isa = PBXSourcesBuildPhase;
			buildActionMask = 2147483647;
			files = (
				7DC2E8FA221B0E43002457AA /* LocationViewController.swift in Sources */,
				7D0A2FF1220A0D3500EF7389 /* AppDelegate.swift in Sources */,
				7D0A3011220A0FA800EF7389 /* HomeViewController.swift in Sources */,
				7D0A3015220A14E100EF7389 /* ToppingsListViewController.swift in Sources */,
				7DC7351A220A1D2E0042EB93 /* ToppingCategory.swift in Sources */,
			);
			runOnlyForDeploymentPostprocessing = 0;
		};
		7D0A2FFD220A0D3600EF7389 /* Sources */ = {
			isa = PBXSourcesBuildPhase;
			buildActionMask = 2147483647;
			files = (
				7D0A3006220A0D3600EF7389 /* PeetzTests.swift in Sources */,
			);
			runOnlyForDeploymentPostprocessing = 0;
		};
/* End PBXSourcesBuildPhase section */

/* Begin PBXTargetDependency section */
		7D0A3003220A0D3600EF7389 /* PBXTargetDependency */ = {
			isa = PBXTargetDependency;
			target = 7D0A2FEC220A0D3500EF7389 /* Peetz */;
			targetProxy = 7D0A3002220A0D3600EF7389 /* PBXContainerItemProxy */;
		};
/* End PBXTargetDependency section */

/* Begin PBXVariantGroup section */
		7D0A2FF4220A0D3500EF7389 /* Main.storyboard */ = {
			isa = PBXVariantGroup;
			children = (
				7D0A2FF5220A0D3500EF7389 /* Base */,
			);
			name = Main.storyboard;
			sourceTree = "<group>";
		};
		7D0A2FF9220A0D3600EF7389 /* LaunchScreen.storyboard */ = {
			isa = PBXVariantGroup;
			children = (
				7D0A2FFA220A0D3600EF7389 /* Base */,
			);
			name = LaunchScreen.storyboard;
			sourceTree = "<group>";
		};
/* End PBXVariantGroup section */

/* Begin XCBuildConfiguration section */
		7D0A3008220A0D3600EF7389 /* Debug */ = {
			isa = XCBuildConfiguration;
			buildSettings = {
				ALWAYS_SEARCH_USER_PATHS = NO;
				CLANG_ANALYZER_NONNULL = YES;
				CLANG_ANALYZER_NUMBER_OBJECT_CONVERSION = YES_AGGRESSIVE;
				CLANG_CXX_LANGUAGE_STANDARD = "gnu++14";
				CLANG_CXX_LIBRARY = "libc++";
				CLANG_ENABLE_MODULES = YES;
				CLANG_ENABLE_OBJC_ARC = YES;
				CLANG_ENABLE_OBJC_WEAK = YES;
				CLANG_WARN_BLOCK_CAPTURE_AUTORELEASING = YES;
				CLANG_WARN_BOOL_CONVERSION = YES;
				CLANG_WARN_COMMA = YES;
				CLANG_WARN_CONSTANT_CONVERSION = YES;
				CLANG_WARN_DEPRECATED_OBJC_IMPLEMENTATIONS = YES;
				CLANG_WARN_DIRECT_OBJC_ISA_USAGE = YES_ERROR;
				CLANG_WARN_DOCUMENTATION_COMMENTS = YES;
				CLANG_WARN_EMPTY_BODY = YES;
				CLANG_WARN_ENUM_CONVERSION = YES;
				CLANG_WARN_INFINITE_RECURSION = YES;
				CLANG_WARN_INT_CONVERSION = YES;
				CLANG_WARN_NON_LITERAL_NULL_CONVERSION = YES;
				CLANG_WARN_OBJC_IMPLICIT_RETAIN_SELF = YES;
				CLANG_WARN_OBJC_LITERAL_CONVERSION = YES;
				CLANG_WARN_OBJC_ROOT_CLASS = YES_ERROR;
				CLANG_WARN_RANGE_LOOP_ANALYSIS = YES;
				CLANG_WARN_STRICT_PROTOTYPES = YES;
				CLANG_WARN_SUSPICIOUS_MOVE = YES;
				CLANG_WARN_UNGUARDED_AVAILABILITY = YES_AGGRESSIVE;
				CLANG_WARN_UNREACHABLE_CODE = YES;
				CLANG_WARN__DUPLICATE_METHOD_MATCH = YES;
				CODE_SIGN_IDENTITY = "iPhone Developer";
				COPY_PHASE_STRIP = NO;
				DEBUG_INFORMATION_FORMAT = dwarf;
				ENABLE_STRICT_OBJC_MSGSEND = YES;
				ENABLE_TESTABILITY = YES;
				GCC_C_LANGUAGE_STANDARD = gnu11;
				GCC_DYNAMIC_NO_PIC = NO;
				GCC_NO_COMMON_BLOCKS = YES;
				GCC_OPTIMIZATION_LEVEL = 0;
				GCC_PREPROCESSOR_DEFINITIONS = (
					"DEBUG=1",
					"$(inherited)",
				);
				GCC_WARN_64_TO_32_BIT_CONVERSION = YES;
				GCC_WARN_ABOUT_RETURN_TYPE = YES_ERROR;
				GCC_WARN_UNDECLARED_SELECTOR = YES;
				GCC_WARN_UNINITIALIZED_AUTOS = YES_AGGRESSIVE;
				GCC_WARN_UNUSED_FUNCTION = YES;
				GCC_WARN_UNUSED_VARIABLE = YES;
				IPHONEOS_DEPLOYMENT_TARGET = 12.1;
				MTL_ENABLE_DEBUG_INFO = INCLUDE_SOURCE;
				MTL_FAST_MATH = YES;
				ONLY_ACTIVE_ARCH = YES;
				SDKROOT = iphoneos;
				SWIFT_ACTIVE_COMPILATION_CONDITIONS = DEBUG;
				SWIFT_OPTIMIZATION_LEVEL = "-Onone";
			};
			name = Debug;
		};
		7D0A3009220A0D3600EF7389 /* Release */ = {
			isa = XCBuildConfiguration;
			buildSettings = {
				ALWAYS_SEARCH_USER_PATHS = NO;
				CLANG_ANALYZER_NONNULL = YES;
				CLANG_ANALYZER_NUMBER_OBJECT_CONVERSION = YES_AGGRESSIVE;
				CLANG_CXX_LANGUAGE_STANDARD = "gnu++14";
				CLANG_CXX_LIBRARY = "libc++";
				CLANG_ENABLE_MODULES = YES;
				CLANG_ENABLE_OBJC_ARC = YES;
				CLANG_ENABLE_OBJC_WEAK = YES;
				CLANG_WARN_BLOCK_CAPTURE_AUTORELEASING = YES;
				CLANG_WARN_BOOL_CONVERSION = YES;
				CLANG_WARN_COMMA = YES;
				CLANG_WARN_CONSTANT_CONVERSION = YES;
				CLANG_WARN_DEPRECATED_OBJC_IMPLEMENTATIONS = YES;
				CLANG_WARN_DIRECT_OBJC_ISA_USAGE = YES_ERROR;
				CLANG_WARN_DOCUMENTATION_COMMENTS = YES;
				CLANG_WARN_EMPTY_BODY = YES;
				CLANG_WARN_ENUM_CONVERSION = YES;
				CLANG_WARN_INFINITE_RECURSION = YES;
				CLANG_WARN_INT_CONVERSION = YES;
				CLANG_WARN_NON_LITERAL_NULL_CONVERSION = YES;
				CLANG_WARN_OBJC_IMPLICIT_RETAIN_SELF = YES;
				CLANG_WARN_OBJC_LITERAL_CONVERSION = YES;
				CLANG_WARN_OBJC_ROOT_CLASS = YES_ERROR;
				CLANG_WARN_RANGE_LOOP_ANALYSIS = YES;
				CLANG_WARN_STRICT_PROTOTYPES = YES;
				CLANG_WARN_SUSPICIOUS_MOVE = YES;
				CLANG_WARN_UNGUARDED_AVAILABILITY = YES_AGGRESSIVE;
				CLANG_WARN_UNREACHABLE_CODE = YES;
				CLANG_WARN__DUPLICATE_METHOD_MATCH = YES;
				CODE_SIGN_IDENTITY = "iPhone Developer";
				COPY_PHASE_STRIP = NO;
				DEBUG_INFORMATION_FORMAT = "dwarf-with-dsym";
				ENABLE_NS_ASSERTIONS = NO;
				ENABLE_STRICT_OBJC_MSGSEND = YES;
				GCC_C_LANGUAGE_STANDARD = gnu11;
				GCC_NO_COMMON_BLOCKS = YES;
				GCC_WARN_64_TO_32_BIT_CONVERSION = YES;
				GCC_WARN_ABOUT_RETURN_TYPE = YES_ERROR;
				GCC_WARN_UNDECLARED_SELECTOR = YES;
				GCC_WARN_UNINITIALIZED_AUTOS = YES_AGGRESSIVE;
				GCC_WARN_UNUSED_FUNCTION = YES;
				GCC_WARN_UNUSED_VARIABLE = YES;
				IPHONEOS_DEPLOYMENT_TARGET = 12.1;
				MTL_ENABLE_DEBUG_INFO = NO;
				MTL_FAST_MATH = YES;
				SDKROOT = iphoneos;
				SWIFT_COMPILATION_MODE = wholemodule;
				SWIFT_OPTIMIZATION_LEVEL = "-O";
				VALIDATE_PRODUCT = YES;
			};
			name = Release;
		};
		7D0A300B220A0D3600EF7389 /* Debug */ = {
			isa = XCBuildConfiguration;
			baseConfigurationReference = 04EF3949E3ED2D196222BDA2 /* Pods-Peetz.debug.xcconfig */;
			buildSettings = {
				ASSETCATALOG_COMPILER_APPICON_NAME = AppIcon;
				ASSETCATALOG_COMPILER_LAUNCHIMAGE_NAME = LaunchImage;
				CODE_SIGN_STYLE = Automatic;
				INFOPLIST_FILE = Peetz/Info.plist;
				LD_RUNPATH_SEARCH_PATHS = (
					"$(inherited)",
					"@executable_path/Frameworks",
				);
				PRODUCT_BUNDLE_IDENTIFIER = com.detroitlabs.Peetz;
				PRODUCT_NAME = "$(TARGET_NAME)";
				SWIFT_VERSION = 4.2;
				TARGETED_DEVICE_FAMILY = "1,2";
			};
			name = Debug;
		};
		7D0A300C220A0D3600EF7389 /* Release */ = {
			isa = XCBuildConfiguration;
			baseConfigurationReference = FF04E66F5B748D5E5E50127E /* Pods-Peetz.release.xcconfig */;
			buildSettings = {
				ASSETCATALOG_COMPILER_APPICON_NAME = AppIcon;
				ASSETCATALOG_COMPILER_LAUNCHIMAGE_NAME = LaunchImage;
				CODE_SIGN_STYLE = Automatic;
				INFOPLIST_FILE = Peetz/Info.plist;
				LD_RUNPATH_SEARCH_PATHS = (
					"$(inherited)",
					"@executable_path/Frameworks",
				);
				PRODUCT_BUNDLE_IDENTIFIER = com.detroitlabs.Peetz;
				PRODUCT_NAME = "$(TARGET_NAME)";
				SWIFT_VERSION = 4.2;
				TARGETED_DEVICE_FAMILY = "1,2";
			};
			name = Release;
		};
		7D0A300E220A0D3600EF7389 /* Debug */ = {
			isa = XCBuildConfiguration;
			baseConfigurationReference = 3E8692B888C7712F35CF5DDC /* Pods-PeetzTests.debug.xcconfig */;
			buildSettings = {
				ALWAYS_EMBED_SWIFT_STANDARD_LIBRARIES = YES;
				BUNDLE_LOADER = "$(TEST_HOST)";
				CODE_SIGN_STYLE = Automatic;
				INFOPLIST_FILE = PeetzTests/Info.plist;
				LD_RUNPATH_SEARCH_PATHS = (
					"$(inherited)",
					"@executable_path/Frameworks",
					"@loader_path/Frameworks",
				);
				PRODUCT_BUNDLE_IDENTIFIER = com.detroitlabs.PeetzTests;
				PRODUCT_NAME = "$(TARGET_NAME)";
				SWIFT_VERSION = 4.2;
				TARGETED_DEVICE_FAMILY = "1,2";
				TEST_HOST = "$(BUILT_PRODUCTS_DIR)/Peetz.app/Peetz";
			};
			name = Debug;
		};
		7D0A300F220A0D3600EF7389 /* Release */ = {
			isa = XCBuildConfiguration;
			baseConfigurationReference = 08FAE442FB2E77596688DEA0 /* Pods-PeetzTests.release.xcconfig */;
			buildSettings = {
				ALWAYS_EMBED_SWIFT_STANDARD_LIBRARIES = YES;
				BUNDLE_LOADER = "$(TEST_HOST)";
				CODE_SIGN_STYLE = Automatic;
				INFOPLIST_FILE = PeetzTests/Info.plist;
				LD_RUNPATH_SEARCH_PATHS = (
					"$(inherited)",
					"@executable_path/Frameworks",
					"@loader_path/Frameworks",
				);
				PRODUCT_BUNDLE_IDENTIFIER = com.detroitlabs.PeetzTests;
				PRODUCT_NAME = "$(TARGET_NAME)";
				SWIFT_VERSION = 4.2;
				TARGETED_DEVICE_FAMILY = "1,2";
				TEST_HOST = "$(BUILT_PRODUCTS_DIR)/Peetz.app/Peetz";
			};
			name = Release;
		};
/* End XCBuildConfiguration section */

/* Begin XCConfigurationList section */
		7D0A2FE8220A0D3500EF7389 /* Build configuration list for PBXProject "Peetz" */ = {
			isa = XCConfigurationList;
			buildConfigurations = (
				7D0A3008220A0D3600EF7389 /* Debug */,
				7D0A3009220A0D3600EF7389 /* Release */,
			);
			defaultConfigurationIsVisible = 0;
			defaultConfigurationName = Release;
		};
		7D0A300A220A0D3600EF7389 /* Build configuration list for PBXNativeTarget "Peetz" */ = {
			isa = XCConfigurationList;
			buildConfigurations = (
				7D0A300B220A0D3600EF7389 /* Debug */,
				7D0A300C220A0D3600EF7389 /* Release */,
			);
			defaultConfigurationIsVisible = 0;
			defaultConfigurationName = Release;
		};
		7D0A300D220A0D3600EF7389 /* Build configuration list for PBXNativeTarget "PeetzTests" */ = {
			isa = XCConfigurationList;
			buildConfigurations = (
				7D0A300E220A0D3600EF7389 /* Debug */,
				7D0A300F220A0D3600EF7389 /* Release */,
			);
			defaultConfigurationIsVisible = 0;
			defaultConfigurationName = Release;
		};
/* End XCConfigurationList section */
	};
	rootObject = 7D0A2FE5220A0D3500EF7389 /* Project object */;
}
